
Microsoft Visual Studio Solution File, Format Version 12.00
# Visual Studio Version 17
VisualStudioVersion = 17.8.34525.116
MinimumVisualStudioVersion = 10.0.40219.1
Project("{FAE04EC0-301F-11D3-BF4B-00C04F79EFBC}") = "WpfTreeView", "WpfTreeView\WpfTreeView.csproj", "{9C9303C8-9C16-49B7-8EA8-FC23E2B90F6E}"
EndProject
Global
	GlobalSection(SolutionConfigurationPlatforms) = preSolution
		Debug|Any CPU = Debug|Any CPU
		Release|Any CPU = Release|Any CPU
	EndGlobalSection
	GlobalSection(ProjectConfigurationPlatforms) = postSolution
		{9C9303C8-9C16-49B7-8EA8-FC23E2B90F6E}.Debug|Any CPU.ActiveCfg = Debug|Any CPU
		{9C9303C8-9C16-49B7-8EA8-FC23E2B90F6E}.Debug|Any CPU.Build.0 = Debug|Any CPU
		{9C9303C8-9C16-49B7-8EA8-FC23E2B90F6E}.Release|Any CPU.ActiveCfg = Release|Any CPU
		{9C9303C8-9C16-49B7-8EA8-FC23E2B90F6E}.Release|Any CPU.Build.0 = Release|Any CPU
	EndGlobalSection
	GlobalSection(SolutionProperties) = preSolution
		HideSolutionNode = FALSE
	EndGlobalSection
	GlobalSection(ExtensibilityGlobals) = postSolution
		SolutionGuid = {CFF645D4-53E2-422C-AB99-56958CED04CF}
	EndGlobalSection
EndGlobal
